
Microsoft Visual Studio Solution File, Format Version 12.00
# Visual Studio Version 17
VisualStudioVersion = 17.7.34003.232
MinimumVisualStudioVersion = 10.0.40219.1
Project("{FAE04EC0-301F-11D3-BF4B-00C04F79EFBC}") = "helloworld", "helloworld\helloworld.csproj", "{3D891FA7-D049-49F6-BCB1-FD133311EEC0}"
EndProject
Global
	GlobalSection(SolutionConfigurationPlatforms) = preSolution
		Debug|Any CPU = Debug|Any CPU
		Release|Any CPU = Release|Any CPU
	EndGlobalSection
	GlobalSection(ProjectConfigurationPlatforms) = postSolution
		{3D891FA7-D049-49F6-BCB1-FD133311EEC0}.Debug|Any CPU.ActiveCfg = Debug|Any CPU
		{3D891FA7-D049-49F6-BCB1-FD133311EEC0}.Debug|Any CPU.Build.0 = Debug|Any CPU
		{3D891FA7-D049-49F6-BCB1-FD133311EEC0}.Release|Any CPU.ActiveCfg = Release|Any CPU
		{3D891FA7-D049-49F6-BCB1-FD133311EEC0}.Release|Any CPU.Build.0 = Release|Any CPU
	EndGlobalSection
	GlobalSection(SolutionProperties) = preSolution
		HideSolutionNode = FALSE
	EndGlobalSection
	GlobalSection(ExtensibilityGlobals) = postSolution
		SolutionGuid = {FF152286-F285-4D54-BE26-1C7BB6584A83}
	EndGlobalSection
EndGlobal
